{
  "name": "diver",
  "lockfileVersion": 3,
  "requires": true,
  "packages": {
    "": {
      "name": "diver",
      "dependencies": {
        "csv-parse": "7.0.3",
        "tldts": "7.4.16"
      }
    },
    "node_modules/csv-parse": {
      "version": "7.0.3",
      "resolved": "https://registry.npmjs.org/csv-parse/-/csv-parse-7.0.3.tgz",
      "integrity": "sha512-YFd3QM/yo17vH91L1IOZuvl09zM0zEEtdfTcOCKWcMdM++MNaQSyp09slXyFCLaPXvHstQFx/xC8myiFHSMUvw==",
      "license": "MIT"
    },
    "node_modules/tldts": {
      "version": "7.4.16",
      "resolved": "https://registry.npmjs.org/tldts/-/tldts-7.4.16.tgz",
      "integrity": "sha512-QwBER5KMR86IIjpIiO7H/Z3IMJPsZ1A6RKPAqzTTgOyUQUSt9FdnKcqhTaJmkY6HVrgouZHZR0ncK5QxvmnQeg==",
      "license": "MIT",
      "dependencies": {
        "tldts-core": "^7.4.16"
      },
      "bin": {
        "tldts": "bin/cli.js"
      }
    },
    "node_modules/tldts-core": {
      "version": "7.4.16",
      "resolved": "https://registry.npmjs.org/tldts-core/-/tldts-core-7.4.16.tgz",
      "integrity": "sha512-MDolfaSJtlSK5Y0A1xl3277ekubZwobpBjugknDizI9O5Rm60a1m8k4ICK+MRsCDzPygT81mp3BBf5RKDlFRfA==",
      "license": "MIT"
    }
  }
}
